// !$*UTF8*$!
{
	archiveVersion = 1;
	classes = {
	};
	objectVersion = 52;
	objects = {

/* Begin PBXBuildFile section */
		72DEECA726FB99BE00BA46F6 /* RealmSwift in Frameworks */ = {isa = PBXBuildFile; productRef = 72DEECA626FB99BE00BA46F6 /* RealmSwift */; };
		72DEECAE26FB9B0D00BA46F6 /* HomeViewController.swift in Sources */ = {isa = PBXBuildFile; fileRef = 72DEECAC26FB9B0D00BA46F6 /* HomeViewController.swift */; };
		72DEECAF26FB9B0D00BA46F6 /* HomeViewController.xib in Resources */ = {isa = PBXBuildFile; fileRef = 72DEECAD26FB9B0D00BA46F6 /* HomeViewController.xib */; };
		72DEECB226FBB8EB00BA46F6 /* UIButtonExtension.swift in Sources */ = {isa = PBXBuildFile; fileRef = 72DEECB126FBB8EB00BA46F6 /* UIButtonExtension.swift */; };
		72DEECB526FBB95100BA46F6 /* BaseViewController.swift in Sources */ = {isa = PBXBuildFile; fileRef = 72DEECB426FBB95100BA46F6 /* BaseViewController.swift */; };
		72DEECC126FBBBA800BA46F6 /* DepartmentsViewController.swift in Sources */ = {isa = PBXBuildFile; fileRef = 72DEECBF26FBBBA800BA46F6 /* DepartmentsViewController.swift */; };
		72DEECC226FBBBA800BA46F6 /* DepartmentsViewController.xib in Resources */ = {isa = PBXBuildFile; fileRef = 72DEECC026FBBBA800BA46F6 /* DepartmentsViewController.xib */; };
		72DEECC526FBBBB700BA46F6 /* StaffViewController.swift in Sources */ = {isa = PBXBuildFile; fileRef = 72DEECC326FBBBB700BA46F6 /* StaffViewController.swift */; };
		72DEECC626FBBBB700BA46F6 /* StaffViewController.xib in Resources */ = {isa = PBXBuildFile; fileRef = 72DEECC426FBBBB700BA46F6 /* StaffViewController.xib */; };
		72DEECC926FBBBC700BA46F6 /* NewStaffViewController.swift in Sources */ = {isa = PBXBuildFile; fileRef = 72DEECC726FBBBC700BA46F6 /* NewStaffViewController.swift */; };
		72DEECCA26FBBBC700BA46F6 /* NewStaffViewController.xib in Resources */ = {isa = PBXBuildFile; fileRef = 72DEECC826FBBBC700BA46F6 /* NewStaffViewController.xib */; };
		72DEECCD26FBF64A00BA46F6 /* StaffData.swift in Sources */ = {isa = PBXBuildFile; fileRef = 72DEECCC26FBF64A00BA46F6 /* StaffData.swift */; };
		72DEECCF26FBFBC300BA46F6 /* NewStaffPresenter.swift in Sources */ = {isa = PBXBuildFile; fileRef = 72DEECCE26FBFBC300BA46F6 /* NewStaffPresenter.swift */; };
		72FB805626FB86FF00ED03B5 /* AppDelegate.swift in Sources */ = {isa = PBXBuildFile; fileRef = 72FB805526FB86FF00ED03B5 /* AppDelegate.swift */; };
		72FB805826FB86FF00ED03B5 /* SceneDelegate.swift in Sources */ = {isa = PBXBuildFile; fileRef = 72FB805726FB86FF00ED03B5 /* SceneDelegate.swift */; };
		72FB805A26FB86FF00ED03B5 /* ViewController.swift in Sources */ = {isa = PBXBuildFile; fileRef = 72FB805926FB86FF00ED03B5 /* ViewController.swift */; };
		72FB805F26FB870000ED03B5 /* Assets.xcassets in Resources */ = {isa = PBXBuildFile; fileRef = 72FB805E26FB870000ED03B5 /* Assets.xcassets */; };
		72FB806226FB870000ED03B5 /* LaunchScreen.storyboard in Resources */ = {isa = PBXBuildFile; fileRef = 72FB806026FB870000ED03B5 /* LaunchScreen.storyboard */; };
		D0FCF7E1E554EC6B177E2DB2 /* Pods_EjecucionNomina.framework in Frameworks */ = {isa = PBXBuildFile; fileRef = 43CAFF76B93CABFC4C08CA9D /* Pods_EjecucionNomina.framework */; };
/* End PBXBuildFile section */

/* Begin PBXFileReference section */
		43CAFF76B93CABFC4C08CA9D /* Pods_EjecucionNomina.framework */ = {isa = PBXFileReference; explicitFileType = wrapper.framework; includeInIndex = 0; path = Pods_EjecucionNomina.framework; sourceTree = BUILT_PRODUCTS_DIR; };
		72DEECAC26FB9B0D00BA46F6 /* HomeViewController.swift */ = {isa = PBXFileReference; lastKnownFileType = sourcecode.swift; path = HomeViewController.swift; sourceTree = "<group>"; };
		72DEECAD26FB9B0D00BA46F6 /* HomeViewController.xib */ = {isa = PBXFileReference; lastKnownFileType = file.xib; path = HomeViewController.xib; sourceTree = "<group>"; };
		72DEECB126FBB8EB00BA46F6 /* UIButtonExtension.swift */ = {isa = PBXFileReference; lastKnownFileType = sourcecode.swift; path = UIButtonExtension.swift; sourceTree = "<group>"; };
		72DEECB426FBB95100BA46F6 /* BaseViewController.swift */ = {isa = PBXFileReference; lastKnownFileType = sourcecode.swift; path = BaseViewController.swift; sourceTree = "<group>"; };
		72DEECBF26FBBBA800BA46F6 /* DepartmentsViewController.swift */ = {isa = PBXFileReference; lastKnownFileType = sourcecode.swift; path = DepartmentsViewController.swift; sourceTree = "<group>"; };
		72DEECC026FBBBA800BA46F6 /* DepartmentsViewController.xib */ = {isa = PBXFileReference; lastKnownFileType = file.xib; path = DepartmentsViewController.xib; sourceTree = "<group>"; };
		72DEECC326FBBBB700BA46F6 /* StaffViewController.swift */ = {isa = PBXFileReference; lastKnownFileType = sourcecode.swift; path = StaffViewController.swift; sourceTree = "<group>"; };
		72DEECC426FBBBB700BA46F6 /* StaffViewController.xib */ = {isa = PBXFileReference; lastKnownFileType = file.xib; path = StaffViewController.xib; sourceTree = "<group>"; };
		72DEECC726FBBBC700BA46F6 /* NewStaffViewController.swift */ = {isa = PBXFileReference; lastKnownFileType = sourcecode.swift; path = NewStaffViewController.swift; sourceTree = "<group>"; };
		72DEECC826FBBBC700BA46F6 /* NewStaffViewController.xib */ = {isa = PBXFileReference; lastKnownFileType = file.xib; path = NewStaffViewController.xib; sourceTree = "<group>"; };
		72DEECCC26FBF64A00BA46F6 /* StaffData.swift */ = {isa = PBXFileReference; lastKnownFileType = sourcecode.swift; path = StaffData.swift; sourceTree = "<group>"; };
		72DEECCE26FBFBC300BA46F6 /* NewStaffPresenter.swift */ = {isa = PBXFileReference; lastKnownFileType = sourcecode.swift; path = NewStaffPresenter.swift; sourceTree = "<group>"; };
		72FB805226FB86FF00ED03B5 /* EjecucionNomina.app */ = {isa = PBXFileReference; explicitFileType = wrapper.application; includeInIndex = 0; path = EjecucionNomina.app; sourceTree = BUILT_PRODUCTS_DIR; };
		72FB805526FB86FF00ED03B5 /* AppDelegate.swift */ = {isa = PBXFileReference; lastKnownFileType = sourcecode.swift; path = AppDelegate.swift; sourceTree = "<group>"; };
		72FB805726FB86FF00ED03B5 /* SceneDelegate.swift */ = {isa = PBXFileReference; lastKnownFileType = sourcecode.swift; path = SceneDelegate.swift; sourceTree = "<group>"; };
		72FB805926FB86FF00ED03B5 /* ViewController.swift */ = {isa = PBXFileReference; lastKnownFileType = sourcecode.swift; path = ViewController.swift; sourceTree = "<group>"; };
		72FB805E26FB870000ED03B5 /* Assets.xcassets */ = {isa = PBXFileReference; lastKnownFileType = folder.assetcatalog; path = Assets.xcassets; sourceTree = "<group>"; };
		72FB806126FB870000ED03B5 /* Base */ = {isa = PBXFileReference; lastKnownFileType = file.storyboard; name = Base; path = Base.lproj/LaunchScreen.storyboard; sourceTree = "<group>"; };
		72FB806326FB870000ED03B5 /* Info.plist */ = {isa = PBXFileReference; lastKnownFileType = text.plist.xml; path = Info.plist; sourceTree = "<group>"; };
		745CF7E94FA58E064659C211 /* Pods-EjecucionNomina.debug.xcconfig */ = {isa = PBXFileReference; includeInIndex = 1; lastKnownFileType = text.xcconfig; name = "Pods-EjecucionNomina.debug.xcconfig"; path = "Target Support Files/Pods-EjecucionNomina/Pods-EjecucionNomina.debug.xcconfig"; sourceTree = "<group>"; };
		FE66B7772A86CAD0882ECBF0 /* Pods-EjecucionNomina.release.xcconfig */ = {isa = PBXFileReference; includeInIndex = 1; lastKnownFileType = text.xcconfig; name = "Pods-EjecucionNomina.release.xcconfig"; path = "Target Support Files/Pods-EjecucionNomina/Pods-EjecucionNomina.release.xcconfig"; sourceTree = "<group>"; };
/* End PBXFileReference section */

/* Begin PBXFrameworksBuildPhase section */
		72FB804F26FB86FF00ED03B5 /* Frameworks */ = {
			isa = PBXFrameworksBuildPhase;
			buildActionMask = 2147483647;
			files = (
				72DEECA726FB99BE00BA46F6 /* RealmSwift in Frameworks */,
				D0FCF7E1E554EC6B177E2DB2 /* Pods_EjecucionNomina.framework in Frameworks */,
			);
			runOnlyForDeploymentPostprocessing = 0;
		};
/* End PBXFrameworksBuildPhase section */

/* Begin PBXGroup section */
		2B08F5CF30476140EBC3E5A1 /* Pods */ = {
			isa = PBXGroup;
			children = (
				745CF7E94FA58E064659C211 /* Pods-EjecucionNomina.debug.xcconfig */,
				FE66B7772A86CAD0882ECBF0 /* Pods-EjecucionNomina.release.xcconfig */,
			);
			path = Pods;
			sourceTree = "<group>";
		};
		72DEECA826FB9AC200BA46F6 /* Modules */ = {
			isa = PBXGroup;
			children = (
				72DEECCB26FBF63200BA46F6 /* Model */,
				72DEECB826FBBAFB00BA46F6 /* AddStaff */,
				72DEECB726FBBAF200BA46F6 /* Staff */,
				72DEECB626FBBAE100BA46F6 /* Departments */,
				72DEECA926FB9AD000BA46F6 /* Home */,
			);
			path = Modules;
			sourceTree = "<group>";
		};
		72DEECA926FB9AD000BA46F6 /* Home */ = {
			isa = PBXGroup;
			children = (
				72DEECAB26FB9AEA00BA46F6 /* View */,
				72DEECAA26FB9ADF00BA46F6 /* Presenter */,
			);
			path = Home;
			sourceTree = "<group>";
		};
		72DEECAA26FB9ADF00BA46F6 /* Presenter */ = {
			isa = PBXGroup;
			children = (
			);
			path = Presenter;
			sourceTree = "<group>";
		};
		72DEECAB26FB9AEA00BA46F6 /* View */ = {
			isa = PBXGroup;
			children = (
				72DEECAC26FB9B0D00BA46F6 /* HomeViewController.swift */,
				72DEECAD26FB9B0D00BA46F6 /* HomeViewController.xib */,
			);
			path = View;
			sourceTree = "<group>";
		};
		72DEECB026FBB8D600BA46F6 /* Extension */ = {
			isa = PBXGroup;
			children = (
				72DEECB126FBB8EB00BA46F6 /* UIButtonExtension.swift */,
			);
			path = Extension;
			sourceTree = "<group>";
		};
		72DEECB326FBB93F00BA46F6 /* Commons */ = {
			isa = PBXGroup;
			children = (
				72DEECB426FBB95100BA46F6 /* BaseViewController.swift */,
			);
			path = Commons;
			sourceTree = "<group>";
		};
		72DEECB626FBBAE100BA46F6 /* Departments */ = {
			isa = PBXGroup;
			children = (
				72DEECBA26FBBB1000BA46F6 /* View */,
				72DEECB926FBBB0800BA46F6 /* Presenter */,
			);
			path = Departments;
			sourceTree = "<group>";
		};
		72DEECB726FBBAF200BA46F6 /* Staff */ = {
			isa = PBXGroup;
			children = (
				72DEECBC26FBBB4A00BA46F6 /* View */,
				72DEECBB26FBBB3700BA46F6 /* Presenter */,
			);
			path = Staff;
			sourceTree = "<group>";
		};
		72DEECB826FBBAFB00BA46F6 /* AddStaff */ = {
			isa = PBXGroup;
			children = (
				72DEECBE26FBBB5800BA46F6 /* View */,
				72DEECBD26FBBB5100BA46F6 /* Presenter */,
			);
			path = AddStaff;
			sourceTree = "<group>";
		};
		72DEECB926FBBB0800BA46F6 /* Presenter */ = {
			isa = PBXGroup;
			children = (
			);
			path = Presenter;
			sourceTree = "<group>";
		};
		72DEECBA26FBBB1000BA46F6 /* View */ = {
			isa = PBXGroup;
			children = (
				72DEECBF26FBBBA800BA46F6 /* DepartmentsViewController.swift */,
				72DEECC026FBBBA800BA46F6 /* DepartmentsViewController.xib */,
			);
			path = View;
			sourceTree = "<group>";
		};
		72DEECBB26FBBB3700BA46F6 /* Presenter */ = {
			isa = PBXGroup;
			children = (
			);
			path = Presenter;
			sourceTree = "<group>";
		};
		72DEECBC26FBBB4A00BA46F6 /* View */ = {
			isa = PBXGroup;
			children = (
				72DEECC326FBBBB700BA46F6 /* StaffViewController.swift */,
				72DEECC426FBBBB700BA46F6 /* StaffViewController.xib */,
			);
			path = View;
			sourceTree = "<group>";
		};
		72DEECBD26FBBB5100BA46F6 /* Presenter */ = {
			isa = PBXGroup;
			children = (
				72DEECCE26FBFBC300BA46F6 /* NewStaffPresenter.swift */,
			);
			path = Presenter;
			sourceTree = "<group>";
		};
		72DEECBE26FBBB5800BA46F6 /* View */ = {
			isa = PBXGroup;
			children = (
				72DEECC726FBBBC700BA46F6 /* NewStaffViewController.swift */,
				72DEECC826FBBBC700BA46F6 /* NewStaffViewController.xib */,
			);
			path = View;
			sourceTree = "<group>";
		};
		72DEECCB26FBF63200BA46F6 /* Model */ = {
			isa = PBXGroup;
			children = (
				72DEECCC26FBF64A00BA46F6 /* StaffData.swift */,
			);
			path = Model;
			sourceTree = "<group>";
		};
		72FB804926FB86FF00ED03B5 = {
			isa = PBXGroup;
			children = (
				72FB805426FB86FF00ED03B5 /* EjecucionNomina */,
				72FB805326FB86FF00ED03B5 /* Products */,
				2B08F5CF30476140EBC3E5A1 /* Pods */,
				AF4C7C7EA29078A24E6FFC25 /* Frameworks */,
			);
			sourceTree = "<group>";
		};
		72FB805326FB86FF00ED03B5 /* Products */ = {
			isa = PBXGroup;
			children = (
				72FB805226FB86FF00ED03B5 /* EjecucionNomina.app */,
			);
			name = Products;
			sourceTree = "<group>";
		};
		72FB805426FB86FF00ED03B5 /* EjecucionNomina */ = {
			isa = PBXGroup;
			children = (
				72DEECB326FBB93F00BA46F6 /* Commons */,
				72DEECB026FBB8D600BA46F6 /* Extension */,
				72DEECA826FB9AC200BA46F6 /* Modules */,
				72FB805526FB86FF00ED03B5 /* AppDelegate.swift */,
				72FB805726FB86FF00ED03B5 /* SceneDelegate.swift */,
				72FB805926FB86FF00ED03B5 /* ViewController.swift */,
				72FB805E26FB870000ED03B5 /* Assets.xcassets */,
				72FB806026FB870000ED03B5 /* LaunchScreen.storyboard */,
				72FB806326FB870000ED03B5 /* Info.plist */,
			);
			path = EjecucionNomina;
			sourceTree = "<group>";
		};
		AF4C7C7EA29078A24E6FFC25 /* Frameworks */ = {
			isa = PBXGroup;
			children = (
				43CAFF76B93CABFC4C08CA9D /* Pods_EjecucionNomina.framework */,
			);
			name = Frameworks;
			sourceTree = "<group>";
		};
/* End PBXGroup section */

/* Begin PBXNativeTarget section */
		72FB805126FB86FF00ED03B5 /* EjecucionNomina */ = {
			isa = PBXNativeTarget;
			buildConfigurationList = 72FB806626FB870000ED03B5 /* Build configuration list for PBXNativeTarget "EjecucionNomina" */;
			buildPhases = (
				55A3EE89B751A13DC5BA39C2 /* [CP] Check Pods Manifest.lock */,
				72FB804E26FB86FF00ED03B5 /* Sources */,
				72FB804F26FB86FF00ED03B5 /* Frameworks */,
				72FB805026FB86FF00ED03B5 /* Resources */,
				C6637D5FB2CADBADBD631B98 /* [CP] Embed Pods Frameworks */,
			);
			buildRules = (
			);
			dependencies = (
			);
			name = EjecucionNomina;
			packageProductDependencies = (
				72DEECA626FB99BE00BA46F6 /* RealmSwift */,
			);
			productName = EjecucionNomina;
			productReference = 72FB805226FB86FF00ED03B5 /* EjecucionNomina.app */;
			productType = "com.apple.product-type.application";
		};
/* End PBXNativeTarget section */

/* Begin PBXProject section */
		72FB804A26FB86FF00ED03B5 /* Project object */ = {
			isa = PBXProject;
			attributes = {
				LastSwiftUpdateCheck = 1250;
				LastUpgradeCheck = 1250;
				TargetAttributes = {
					72FB805126FB86FF00ED03B5 = {
						CreatedOnToolsVersion = 12.5.1;
					};
				};
			};
			buildConfigurationList = 72FB804D26FB86FF00ED03B5 /* Build configuration list for PBXProject "EjecucionNomina" */;
			compatibilityVersion = "Xcode 9.3";
			developmentRegion = en;
			hasScannedForEncodings = 0;
			knownRegions = (
				en,
				Base,
			);
			mainGroup = 72FB804926FB86FF00ED03B5;
			packageReferences = (
				72DEECA526FB99BE00BA46F6 /* XCRemoteSwiftPackageReference "realm-cocoa" */,
			);
			productRefGroup = 72FB805326FB86FF00ED03B5 /* Products */;
			projectDirPath = "";
			projectRoot = "";
			targets = (
				72FB805126FB86FF00ED03B5 /* EjecucionNomina */,
			);
		};
/* End PBXProject section */

/* Begin PBXResourcesBuildPhase section */
		72FB805026FB86FF00ED03B5 /* Resources */ = {
			isa = PBXResourcesBuildPhase;
			buildActionMask = 2147483647;
			files = (
				72DEECC226FBBBA800BA46F6 /* DepartmentsViewController.xib in Resources */,
				72DEECC626FBBBB700BA46F6 /* StaffViewController.xib in Resources */,
				72DEECCA26FBBBC700BA46F6 /* NewStaffViewController.xib in Resources */,
				72FB806226FB870000ED03B5 /* LaunchScreen.storyboard in Resources */,
				72FB805F26FB870000ED03B5 /* Assets.xcassets in Resources */,
				72DEECAF26FB9B0D00BA46F6 /* HomeViewController.xib in Resources */,
			);
			runOnlyForDeploymentPostprocessing = 0;
		};
/* End PBXResourcesBuildPhase section */

/* Begin PBXShellScriptBuildPhase section */
		55A3EE89B751A13DC5BA39C2 /* [CP] Check Pods Manifest.lock */ = {
			isa = PBXShellScriptBuildPhase;
			buildActionMask = 2147483647;
			files = (
			);
			inputFileListPaths = (
			);
			inputPaths = (
				"${PODS_PODFILE_DIR_PATH}/Podfile.lock",
				"${PODS_ROOT}/Manifest.lock",
			);
			name = "[CP] Check Pods Manifest.lock";
			outputFileListPaths = (
			);
			outputPaths = (
				"$(DERIVED_FILE_DIR)/Pods-EjecucionNomina-checkManifestLockResult.txt",
			);
			runOnlyForDeploymentPostprocessing = 0;
			shellPath = /bin/sh;
			shellScript = "diff \"${PODS_PODFILE_DIR_PATH}/Podfile.lock\" \"${PODS_ROOT}/Manifest.lock\" > /dev/null\nif [ $? != 0 ] ; then\n    # print error to STDERR\n    echo \"error: The sandbox is not in sync with the Podfile.lock. Run 'pod install' or update your CocoaPods installation.\" >&2\n    exit 1\nfi\n# This output is used by Xcode 'outputs' to avoid re-running this script phase.\necho \"SUCCESS\" > \"${SCRIPT_OUTPUT_FILE_0}\"\n";
			showEnvVarsInLog = 0;
		};
		C6637D5FB2CADBADBD631B98 /* [CP] Embed Pods Frameworks */ = {
			isa = PBXShellScriptBuildPhase;
			buildActionMask = 2147483647;
			files = (
			);
			inputFileListPaths = (
				"${PODS_ROOT}/Target Support Files/Pods-EjecucionNomina/Pods-EjecucionNomina-frameworks-${CONFIGURATION}-input-files.xcfilelist",
			);
			name = "[CP] Embed Pods Frameworks";
			outputFileListPaths = (
				"${PODS_ROOT}/Target Support Files/Pods-EjecucionNomina/Pods-EjecucionNomina-frameworks-${CONFIGURATION}-output-files.xcfilelist",
			);
			runOnlyForDeploymentPostprocessing = 0;
			shellPath = /bin/sh;
			shellScript = "\"${PODS_ROOT}/Target Support Files/Pods-EjecucionNomina/Pods-EjecucionNomina-frameworks.sh\"\n";
			showEnvVarsInLog = 0;
		};
/* End PBXShellScriptBuildPhase section */

/* Begin PBXSourcesBuildPhase section */
		72FB804E26FB86FF00ED03B5 /* Sources */ = {
			isa = PBXSourcesBuildPhase;
			buildActionMask = 2147483647;
			files = (
				72FB805A26FB86FF00ED03B5 /* ViewController.swift in Sources */,
				72DEECCF26FBFBC300BA46F6 /* NewStaffPresenter.swift in Sources */,
				72DEECC926FBBBC700BA46F6 /* NewStaffViewController.swift in Sources */,
				72DEECB226FBB8EB00BA46F6 /* UIButtonExtension.swift in Sources */,
				72FB805626FB86FF00ED03B5 /* AppDelegate.swift in Sources */,
				72DEECCD26FBF64A00BA46F6 /* StaffData.swift in Sources */,
				72FB805826FB86FF00ED03B5 /* SceneDelegate.swift in Sources */,
				72DEECAE26FB9B0D00BA46F6 /* HomeViewController.swift in Sources */,
				72DEECC126FBBBA800BA46F6 /* DepartmentsViewController.swift in Sources */,
				72DEECB526FBB95100BA46F6 /* BaseViewController.swift in Sources */,
				72DEECC526FBBBB700BA46F6 /* StaffViewController.swift in Sources */,
			);
			runOnlyForDeploymentPostprocessing = 0;
		};
/* End PBXSourcesBuildPhase section */

/* Begin PBXVariantGroup section */
		72FB806026FB870000ED03B5 /* LaunchScreen.storyboard */ = {
			isa = PBXVariantGroup;
			children = (
				72FB806126FB870000ED03B5 /* Base */,
			);
			name = LaunchScreen.storyboard;
			sourceTree = "<group>";
		};
/* End PBXVariantGroup section */

/* Begin XCBuildConfiguration section */
		72FB806426FB870000ED03B5 /* Debug */ = {
			isa = XCBuildConfiguration;
			buildSettings = {
				ALWAYS_SEARCH_USER_PATHS = NO;
				CLANG_ANALYZER_NONNULL = YES;
				CLANG_ANALYZER_NUMBER_OBJECT_CONVERSION = YES_AGGRESSIVE;
				CLANG_CXX_LANGUAGE_STANDARD = "gnu++14";
				CLANG_CXX_LIBRARY = "libc++";
				CLANG_ENABLE_MODULES = YES;
				CLANG_ENABLE_OBJC_ARC = YES;
				CLANG_ENABLE_OBJC_WEAK = YES;
				CLANG_WARN_BLOCK_CAPTURE_AUTORELEASING = YES;
				CLANG_WARN_BOOL_CONVERSION = YES;
				CLANG_WARN_COMMA = YES;
				CLANG_WARN_CONSTANT_CONVERSION = YES;
				CLANG_WARN_DEPRECATED_OBJC_IMPLEMENTATIONS = YES;
				CLANG_WARN_DIRECT_OBJC_ISA_USAGE = YES_ERROR;
				CLANG_WARN_DOCUMENTATION_COMMENTS = YES;
				CLANG_WARN_EMPTY_BODY = YES;
				CLANG_WARN_ENUM_CONVERSION = YES;
				CLANG_WARN_INFINITE_RECURSION = YES;
				CLANG_WARN_INT_CONVERSION = YES;
				CLANG_WARN_NON_LITERAL_NULL_CONVERSION = YES;
				CLANG_WARN_OBJC_IMPLICIT_RETAIN_SELF = YES;
				CLANG_WARN_OBJC_LITERAL_CONVERSION = YES;
				CLANG_WARN_OBJC_ROOT_CLASS = YES_ERROR;
				CLANG_WARN_QUOTED_INCLUDE_IN_FRAMEWORK_HEADER = YES;
				CLANG_WARN_RANGE_LOOP_ANALYSIS = YES;
				CLANG_WARN_STRICT_PROTOTYPES = YES;
				CLANG_WARN_SUSPICIOUS_MOVE = YES;
				CLANG_WARN_UNGUARDED_AVAILABILITY = YES_AGGRESSIVE;
				CLANG_WARN_UNREACHABLE_CODE = YES;
				CLANG_WARN__DUPLICATE_METHOD_MATCH = YES;
				COPY_PHASE_STRIP = NO;
				DEBUG_INFORMATION_FORMAT = dwarf;
				ENABLE_STRICT_OBJC_MSGSEND = YES;
				ENABLE_TESTABILITY = YES;
				GCC_C_LANGUAGE_STANDARD = gnu11;
				GCC_DYNAMIC_NO_PIC = NO;
				GCC_NO_COMMON_BLOCKS = YES;
				GCC_OPTIMIZATION_LEVEL = 0;
				GCC_PREPROCESSOR_DEFINITIONS = (
					"DEBUG=1",
					"$(inherited)",
				);
				GCC_WARN_64_TO_32_BIT_CONVERSION = YES;
				GCC_WARN_ABOUT_RETURN_TYPE = YES_ERROR;
				GCC_WARN_UNDECLARED_SELECTOR = YES;
				GCC_WARN_UNINITIALIZED_AUTOS = YES_AGGRESSIVE;
				GCC_WARN_UNUSED_FUNCTION = YES;
				GCC_WARN_UNUSED_VARIABLE = YES;
				IPHONEOS_DEPLOYMENT_TARGET = 14.5;
				MTL_ENABLE_DEBUG_INFO = INCLUDE_SOURCE;
				MTL_FAST_MATH = YES;
				ONLY_ACTIVE_ARCH = YES;
				SDKROOT = iphoneos;
				SWIFT_ACTIVE_COMPILATION_CONDITIONS = DEBUG;
				SWIFT_OPTIMIZATION_LEVEL = "-Onone";
			};
			name = Debug;
		};
		72FB806526FB870000ED03B5 /* Release */ = {
			isa = XCBuildConfiguration;
			buildSettings = {
				ALWAYS_SEARCH_USER_PATHS = NO;
				CLANG_ANALYZER_NONNULL = YES;
				CLANG_ANALYZER_NUMBER_OBJECT_CONVERSION = YES_AGGRESSIVE;
				CLANG_CXX_LANGUAGE_STANDARD = "gnu++14";
				CLANG_CXX_LIBRARY = "libc++";
				CLANG_ENABLE_MODULES = YES;
				CLANG_ENABLE_OBJC_ARC = YES;
				CLANG_ENABLE_OBJC_WEAK = YES;
				CLANG_WARN_BLOCK_CAPTURE_AUTORELEASING = YES;
				CLANG_WARN_BOOL_CONVERSION = YES;
				CLANG_WARN_COMMA = YES;
				CLANG_WARN_CONSTANT_CONVERSION = YES;
				CLANG_WARN_DEPRECATED_OBJC_IMPLEMENTATIONS = YES;
				CLANG_WARN_DIRECT_OBJC_ISA_USAGE = YES_ERROR;
				CLANG_WARN_DOCUMENTATION_COMMENTS = YES;
				CLANG_WARN_EMPTY_BODY = YES;
				CLANG_WARN_ENUM_CONVERSION = YES;
				CLANG_WARN_INFINITE_RECURSION = YES;
				CLANG_WARN_INT_CONVERSION = YES;
				CLANG_WARN_NON_LITERAL_NULL_CONVERSION = YES;
				CLANG_WARN_OBJC_IMPLICIT_RETAIN_SELF = YES;
				CLANG_WARN_OBJC_LITERAL_CONVERSION = YES;
				CLANG_WARN_OBJC_ROOT_CLASS = YES_ERROR;
				CLANG_WARN_QUOTED_INCLUDE_IN_FRAMEWORK_HEADER = YES;
				CLANG_WARN_RANGE_LOOP_ANALYSIS = YES;
				CLANG_WARN_STRICT_PROTOTYPES = YES;
				CLANG_WARN_SUSPICIOUS_MOVE = YES;
				CLANG_WARN_UNGUARDED_AVAILABILITY = YES_AGGRESSIVE;
				CLANG_WARN_UNREACHABLE_CODE = YES;
				CLANG_WARN__DUPLICATE_METHOD_MATCH = YES;
				COPY_PHASE_STRIP = NO;
				DEBUG_INFORMATION_FORMAT = "dwarf-with-dsym";
				ENABLE_NS_ASSERTIONS = NO;
				ENABLE_STRICT_OBJC_MSGSEND = YES;
				GCC_C_LANGUAGE_STANDARD = gnu11;
				GCC_NO_COMMON_BLOCKS = YES;
				GCC_WARN_64_TO_32_BIT_CONVERSION = YES;
				GCC_WARN_ABOUT_RETURN_TYPE = YES_ERROR;
				GCC_WARN_UNDECLARED_SELECTOR = YES;
				GCC_WARN_UNINITIALIZED_AUTOS = YES_AGGRESSIVE;
				GCC_WARN_UNUSED_FUNCTION = YES;
				GCC_WARN_UNUSED_VARIABLE = YES;
				IPHONEOS_DEPLOYMENT_TARGET = 14.5;
				MTL_ENABLE_DEBUG_INFO = NO;
				MTL_FAST_MATH = YES;
				SDKROOT = iphoneos;
				SWIFT_COMPILATION_MODE = wholemodule;
				SWIFT_OPTIMIZATION_LEVEL = "-O";
				VALIDATE_PRODUCT = YES;
			};
			name = Release;
		};
		72FB806726FB870000ED03B5 /* Debug */ = {
			isa = XCBuildConfiguration;
			baseConfigurationReference = 745CF7E94FA58E064659C211 /* Pods-EjecucionNomina.debug.xcconfig */;
			buildSettings = {
				ASSETCATALOG_COMPILER_APPICON_NAME = AppIcon;
				ASSETCATALOG_COMPILER_GLOBAL_ACCENT_COLOR_NAME = AccentColor;
				CODE_SIGN_STYLE = Automatic;
				DEVELOPMENT_TEAM = 8DAPF2Z935;
				INFOPLIST_FILE = EjecucionNomina/Info.plist;
				LD_RUNPATH_SEARCH_PATHS = (
					"$(inherited)",
					"@executable_path/Frameworks",
				);
				PRODUCT_BUNDLE_IDENTIFIER = com.gustavogutierrez.EjecucionNomina;
				PRODUCT_NAME = "$(TARGET_NAME)";
				SWIFT_VERSION = 5.0;
				TARGETED_DEVICE_FAMILY = "1,2";
			};
			name = Debug;
		};
		72FB806826FB870000ED03B5 /* Release */ = {
			isa = XCBuildConfiguration;
			baseConfigurationReference = FE66B7772A86CAD0882ECBF0 /* Pods-EjecucionNomina.release.xcconfig */;
			buildSettings = {
				ASSETCATALOG_COMPILER_APPICON_NAME = AppIcon;
				ASSETCATALOG_COMPILER_GLOBAL_ACCENT_COLOR_NAME = AccentColor;
				CODE_SIGN_STYLE = Automatic;
				DEVELOPMENT_TEAM = 8DAPF2Z935;
				INFOPLIST_FILE = EjecucionNomina/Info.plist;
				LD_RUNPATH_SEARCH_PATHS = (
					"$(inherited)",
					"@executable_path/Frameworks",
				);
				PRODUCT_BUNDLE_IDENTIFIER = com.gustavogutierrez.EjecucionNomina;
				PRODUCT_NAME = "$(TARGET_NAME)";
				SWIFT_VERSION = 5.0;
				TARGETED_DEVICE_FAMILY = "1,2";
			};
			name = Release;
		};
/* End XCBuildConfiguration section */

/* Begin XCConfigurationList section */
		72FB804D26FB86FF00ED03B5 /* Build configuration list for PBXProject "EjecucionNomina" */ = {
			isa = XCConfigurationList;
			buildConfigurations = (
				72FB806426FB870000ED03B5 /* Debug */,
				72FB806526FB870000ED03B5 /* Release */,
			);
			defaultConfigurationIsVisible = 0;
			defaultConfigurationName = Release;
		};
		72FB806626FB870000ED03B5 /* Build configuration list for PBXNativeTarget "EjecucionNomina" */ = {
			isa = XCConfigurationList;
			buildConfigurations = (
				72FB806726FB870000ED03B5 /* Debug */,
				72FB806826FB870000ED03B5 /* Release */,
			);
			defaultConfigurationIsVisible = 0;
			defaultConfigurationName = Release;
		};
/* End XCConfigurationList section */

/* Begin XCRemoteSwiftPackageReference section */
		72DEECA526FB99BE00BA46F6 /* XCRemoteSwiftPackageReference "realm-cocoa" */ = {
			isa = XCRemoteSwiftPackageReference;
			repositoryURL = "https://github.com/realm/realm-cocoa.git";
			requirement = {
				kind = upToNextMajorVersion;
				minimumVersion = 10.15.1;
			};
		};
/* End XCRemoteSwiftPackageReference section */

/* Begin XCSwiftPackageProductDependency section */
		72DEECA626FB99BE00BA46F6 /* RealmSwift */ = {
			isa = XCSwiftPackageProductDependency;
			package = 72DEECA526FB99BE00BA46F6 /* XCRemoteSwiftPackageReference "realm-cocoa" */;
			productName = RealmSwift;
		};
/* End XCSwiftPackageProductDependency section */
	};
	rootObject = 72FB804A26FB86FF00ED03B5 /* Project object */;
}
